
Microsoft Visual Studio Solution File, Format Version 12.00
# Visual Studio Version 16
VisualStudioVersion = 16.0.30114.105
MinimumVisualStudioVersion = 10.0.40219.1
Project("{9A19103F-16F7-4668-BE54-9A1E7A4F7556}") = "battle-ship-in-the-oo-way-submarine101", "battle-ship-in-the-oo-way-submarine101.csproj", "{260B84AD-4DF4-4994-9957-019B92ACC42E}"
EndProject
Global
	GlobalSection(SolutionConfigurationPlatforms) = preSolution
		Debug|Any CPU = Debug|Any CPU
		Release|Any CPU = Release|Any CPU
	EndGlobalSection
	GlobalSection(ProjectConfigurationPlatforms) = postSolution
		{260B84AD-4DF4-4994-9957-019B92ACC42E}.Debug|Any CPU.ActiveCfg = Debug|Any CPU
		{260B84AD-4DF4-4994-9957-019B92ACC42E}.Debug|Any CPU.Build.0 = Debug|Any CPU
		{260B84AD-4DF4-4994-9957-019B92ACC42E}.Release|Any CPU.ActiveCfg = Release|Any CPU
		{260B84AD-4DF4-4994-9957-019B92ACC42E}.Release|Any CPU.Build.0 = Release|Any CPU
	EndGlobalSection
	GlobalSection(SolutionProperties) = preSolution
		HideSolutionNode = FALSE
	EndGlobalSection
	GlobalSection(ExtensibilityGlobals) = postSolution
		SolutionGuid = {AD9B981D-9CF2-4152-B095-51C833758B90}
	EndGlobalSection
EndGlobal
